
Microsoft Visual Studio Solution File, Format Version 12.00
# Visual Studio Version 16
VisualStudioVersion = 25.0.1706.7
MinimumVisualStudioVersion = 10.0.40219.1
Project("{FAE04EC0-301F-11D3-BF4B-00C04F79EFBC}") = "RunGroop", "RunGroop.csproj", "{73216B27-332D-4119-81DB-E1F3FE77B7E6}"
EndProject
Global
	GlobalSection(SolutionConfigurationPlatforms) = preSolution
		Debug|Any CPU = Debug|Any CPU
		Release|Any CPU = Release|Any CPU
	EndGlobalSection
	GlobalSection(ProjectConfigurationPlatforms) = postSolution
		{73216B27-332D-4119-81DB-E1F3FE77B7E6}.Debug|Any CPU.ActiveCfg = Debug|Any CPU
		{73216B27-332D-4119-81DB-E1F3FE77B7E6}.Debug|Any CPU.Build.0 = Debug|Any CPU
		{73216B27-332D-4119-81DB-E1F3FE77B7E6}.Release|Any CPU.ActiveCfg = Release|Any CPU
		{73216B27-332D-4119-81DB-E1F3FE77B7E6}.Release|Any CPU.Build.0 = Release|Any CPU
	EndGlobalSection
	GlobalSection(SolutionProperties) = preSolution
		HideSolutionNode = FALSE
	EndGlobalSection
	GlobalSection(ExtensibilityGlobals) = postSolution
		SolutionGuid = {0B00E276-E511-4905-8590-690F5EDAE6E5}
	EndGlobalSection
EndGlobal
